{
  "version": 4,
  "terraform_version": "1.11.4",
  "serial": 14,
  "lineage": "fbdc92ec-79c2-e49c-77ac-39a46c759da2",
  "outputs": {},
  "resources": [
    {
      "mode": "data",
      "type": "aws_vpc",
      "name": "default",
      "provider": "provider[\"registry.terraform.io/hashicorp/aws\"]",
      "instances": [
        {
          "schema_version": 0,
          "attributes": {
            "arn": "arn:aws:ec2:us-east-2:277707099798:vpc/vpc-066f6ab79f2f1f015",
            "cidr_block": "172.31.0.0/16",
            "cidr_block_associations": [
              {
                "association_id": "vpc-cidr-assoc-0a2c18e858ac033ef",
                "cidr_block": "172.31.0.0/16",
                "state": "associated"
              }
            ],
            "default": true,
            "dhcp_options_id": "dopt-0a53b614ba0d7cf3c",
            "enable_dns_hostnames": true,
            "enable_dns_support": true,
            "enable_network_address_usage_metrics": false,
            "filter": null,
            "id": "vpc-066f6ab79f2f1f015",
            "instance_tenancy": "default",
            "ipv6_association_id": "",
            "ipv6_cidr_block": "",
            "main_route_table_id": "rtb-0d216645fe5373a99",
            "owner_id": "277707099798",
            "state": null,
            "tags": {},
            "timeouts": null
          },
          "sensitive_attributes": []
        }
      ]
    },
    {
      "module": "module.prometheus-sg",
      "mode": "managed",
      "type": "aws_security_group",
      "name": "my-ssh-SG",
      "provider": "provider[\"registry.terraform.io/hashicorp/aws\"]",
      "instances": [
        {
          "schema_version": 1,
          "attributes": {
            "arn": "arn:aws:ec2:us-east-2:277707099798:security-group/sg-08be97a2c74eeb289",
            "description": "enable ssh and ports 9090,3000",
            "egress": [],
            "id": "sg-08be97a2c74eeb289",
            "ingress": [],
            "name": "prometheus-sg",
            "name_prefix": "",
            "owner_id": "277707099798",
            "revoke_rules_on_delete": false,
            "tags": {
              "Name": "prometheus-sg"
            },
            "tags_all": {
              "Name": "prometheus-sg"
            },
            "timeouts": null,
            "vpc_id": "vpc-066f6ab79f2f1f015"
          },
          "sensitive_attributes": [],
          "private": "eyJlMmJmYjczMC1lY2FhLTExZTYtOGY4OC0zNDM2M2JjN2M0YzAiOnsiY3JlYXRlIjo2MDAwMDAwMDAwMDAsImRlbGV0ZSI6OTAwMDAwMDAwMDAwfSwic2NoZW1hX3ZlcnNpb24iOiIxIn0=",
          "dependencies": [
            "data.aws_vpc.default"
          ]
        }
      ]
    },
    {
      "module": "module.prometheus-sg",
      "mode": "managed",
      "type": "aws_vpc_security_group_egress_rule",
      "name": "allow-all1",
      "provider": "provider[\"registry.terraform.io/hashicorp/aws\"]",
      "instances": [
        {
          "schema_version": 0,
          "attributes": {
            "arn": "arn:aws:ec2:us-east-2:277707099798:security-group-rule/sgr-03397c02ff9ee826d",
            "cidr_ipv4": "0.0.0.0/0",
            "cidr_ipv6": null,
            "description": null,
            "from_port": null,
            "id": "sgr-03397c02ff9ee826d",
            "ip_protocol": "-1",
            "prefix_list_id": null,
            "referenced_security_group_id": null,
            "security_group_id": "sg-08be97a2c74eeb289",
            "security_group_rule_id": "sgr-03397c02ff9ee826d",
            "tags": null,
            "tags_all": {},
            "to_port": null
          },
          "sensitive_attributes": [],
          "dependencies": [
            "data.aws_vpc.default",
            "module.prometheus-sg.aws_security_group.my-ssh-SG"
          ]
        }
      ]
    },
    {
      "module": "module.prometheus-sg",
      "mode": "managed",
      "type": "aws_vpc_security_group_ingress_rule",
      "name": "allow_ssh",
      "provider": "provider[\"registry.terraform.io/hashicorp/aws\"]",
      "instances": [
        {
          "index_key": "0",
          "schema_version": 0,
          "attributes": {
            "arn": "arn:aws:ec2:us-east-2:277707099798:security-group-rule/sgr-01e1bb405e9782788",
            "cidr_ipv4": "0.0.0.0/0",
            "cidr_ipv6": null,
            "description": "Allow SSH",
            "from_port": 22,
            "id": "sgr-01e1bb405e9782788",
            "ip_protocol": "tcp",
            "prefix_list_id": null,
            "referenced_security_group_id": null,
            "security_group_id": "sg-08be97a2c74eeb289",
            "security_group_rule_id": "sgr-01e1bb405e9782788",
            "tags": null,
            "tags_all": {},
            "to_port": 22
          },
          "sensitive_attributes": [],
          "dependencies": [
            "data.aws_vpc.default",
            "module.prometheus-sg.aws_security_group.my-ssh-SG"
          ]
        },
        {
          "index_key": "1",
          "schema_version": 0,
          "attributes": {
            "arn": "arn:aws:ec2:us-east-2:277707099798:security-group-rule/sgr-08e4c63fd987b4724",
            "cidr_ipv4": "0.0.0.0/0",
            "cidr_ipv6": null,
            "description": "Allow port 9090 Prometheus",
            "from_port": 9090,
            "id": "sgr-08e4c63fd987b4724",
            "ip_protocol": "tcp",
            "prefix_list_id": null,
            "referenced_security_group_id": null,
            "security_group_id": "sg-08be97a2c74eeb289",
            "security_group_rule_id": "sgr-08e4c63fd987b4724",
            "tags": null,
            "tags_all": {},
            "to_port": 9090
          },
          "sensitive_attributes": [],
          "dependencies": [
            "data.aws_vpc.default",
            "module.prometheus-sg.aws_security_group.my-ssh-SG"
          ]
        },
        {
          "index_key": "2",
          "schema_version": 0,
          "attributes": {
            "arn": "arn:aws:ec2:us-east-2:277707099798:security-group-rule/sgr-0f69833a883a4e51a",
            "cidr_ipv4": "0.0.0.0/0",
            "cidr_ipv6": null,
            "description": "Allow port 3000 Grafana",
            "from_port": 3000,
            "id": "sgr-0f69833a883a4e51a",
            "ip_protocol": "tcp",
            "prefix_list_id": null,
            "referenced_security_group_id": null,
            "security_group_id": "sg-08be97a2c74eeb289",
            "security_group_rule_id": "sgr-0f69833a883a4e51a",
            "tags": null,
            "tags_all": {},
            "to_port": 3000
          },
          "sensitive_attributes": [],
          "dependencies": [
            "data.aws_vpc.default",
            "module.prometheus-sg.aws_security_group.my-ssh-SG"
          ]
        }
      ]
    },
    {
      "module": "module.todo-app-sg",
      "mode": "managed",
      "type": "aws_security_group",
      "name": "my-ssh-SG",
      "provider": "provider[\"registry.terraform.io/hashicorp/aws\"]",
      "instances": [
        {
          "schema_version": 1,
          "attributes": {
            "arn": "arn:aws:ec2:us-east-2:277707099798:security-group/sg-0dc63b9a30d8fe86e",
            "description": "enable ssh and ports 3000,9100,8080",
            "egress": [],
            "id": "sg-0dc63b9a30d8fe86e",
            "ingress": [],
            "name": "todo-app-sg",
            "name_prefix": "",
            "owner_id": "277707099798",
            "revoke_rules_on_delete": false,
            "tags": {
              "Name": "todo-app-sg"
            },
            "tags_all": {
              "Name": "todo-app-sg"
            },
            "timeouts": null,
            "vpc_id": "vpc-066f6ab79f2f1f015"
          },
          "sensitive_attributes": [],
          "private": "eyJlMmJmYjczMC1lY2FhLTExZTYtOGY4OC0zNDM2M2JjN2M0YzAiOnsiY3JlYXRlIjo2MDAwMDAwMDAwMDAsImRlbGV0ZSI6OTAwMDAwMDAwMDAwfSwic2NoZW1hX3ZlcnNpb24iOiIxIn0=",
          "dependencies": [
            "data.aws_vpc.default"
          ]
        }
      ]
    },
    {
      "module": "module.todo-app-sg",
      "mode": "managed",
      "type": "aws_vpc_security_group_egress_rule",
      "name": "allow-all1",
      "provider": "provider[\"registry.terraform.io/hashicorp/aws\"]",
      "instances": [
        {
          "schema_version": 0,
          "attributes": {
            "arn": "arn:aws:ec2:us-east-2:277707099798:security-group-rule/sgr-005e785f171caf430",
            "cidr_ipv4": "0.0.0.0/0",
            "cidr_ipv6": null,
            "description": null,
            "from_port": null,
            "id": "sgr-005e785f171caf430",
            "ip_protocol": "-1",
            "prefix_list_id": null,
            "referenced_security_group_id": null,
            "security_group_id": "sg-0dc63b9a30d8fe86e",
            "security_group_rule_id": "sgr-005e785f171caf430",
            "tags": null,
            "tags_all": {},
            "to_port": null
          },
          "sensitive_attributes": [],
          "dependencies": [
            "data.aws_vpc.default",
            "module.todo-app-sg.aws_security_group.my-ssh-SG"
          ]
        }
      ]
    },
    {
      "module": "module.todo-app-sg",
      "mode": "managed",
      "type": "aws_vpc_security_group_ingress_rule",
      "name": "allow_ssh",
      "provider": "provider[\"registry.terraform.io/hashicorp/aws\"]",
      "instances": [
        {
          "index_key": "0",
          "schema_version": 0,
          "attributes": {
            "arn": "arn:aws:ec2:us-east-2:277707099798:security-group-rule/sgr-089987d76158bbcfd",
            "cidr_ipv4": "0.0.0.0/0",
            "cidr_ipv6": null,
            "description": "Allow SSH",
            "from_port": 22,
            "id": "sgr-089987d76158bbcfd",
            "ip_protocol": "tcp",
            "prefix_list_id": null,
            "referenced_security_group_id": null,
            "security_group_id": "sg-0dc63b9a30d8fe86e",
            "security_group_rule_id": "sgr-089987d76158bbcfd",
            "tags": null,
            "tags_all": {},
            "to_port": 22
          },
          "sensitive_attributes": [],
          "dependencies": [
            "data.aws_vpc.default",
            "module.todo-app-sg.aws_security_group.my-ssh-SG"
          ]
        },
        {
          "index_key": "1",
          "schema_version": 0,
          "attributes": {
            "arn": "arn:aws:ec2:us-east-2:277707099798:security-group-rule/sgr-0b2a756054692ef73",
            "cidr_ipv4": "0.0.0.0/0",
            "cidr_ipv6": null,
            "description": "Allow port 3000 todo-app",
            "from_port": 3000,
            "id": "sgr-0b2a756054692ef73",
            "ip_protocol": "tcp",
            "prefix_list_id": null,
            "referenced_security_group_id": null,
            "security_group_id": "sg-0dc63b9a30d8fe86e",
            "security_group_rule_id": "sgr-0b2a756054692ef73",
            "tags": null,
            "tags_all": {},
            "to_port": 3000
          },
          "sensitive_attributes": [],
          "dependencies": [
            "data.aws_vpc.default",
            "module.todo-app-sg.aws_security_group.my-ssh-SG"
          ]
        },
        {
          "index_key": "2",
          "schema_version": 0,
          "attributes": {
            "arn": "arn:aws:ec2:us-east-2:277707099798:security-group-rule/sgr-0449236c87dd9168d",
            "cidr_ipv4": "0.0.0.0/0",
            "cidr_ipv6": null,
            "description": "Allow port 9100 nodeExporter",
            "from_port": 9100,
            "id": "sgr-0449236c87dd9168d",
            "ip_protocol": "tcp",
            "prefix_list_id": null,
            "referenced_security_group_id": null,
            "security_group_id": "sg-0dc63b9a30d8fe86e",
            "security_group_rule_id": "sgr-0449236c87dd9168d",
            "tags": null,
            "tags_all": {},
            "to_port": 9100
          },
          "sensitive_attributes": [],
          "dependencies": [
            "data.aws_vpc.default",
            "module.todo-app-sg.aws_security_group.my-ssh-SG"
          ]
        },
        {
          "index_key": "3",
          "schema_version": 0,
          "attributes": {
            "arn": "arn:aws:ec2:us-east-2:277707099798:security-group-rule/sgr-0e44789569d3f903c",
            "cidr_ipv4": "0.0.0.0/0",
            "cidr_ipv6": null,
            "description": "Allow port 8080 cAdvisor",
            "from_port": 8080,
            "id": "sgr-0e44789569d3f903c",
            "ip_protocol": "tcp",
            "prefix_list_id": null,
            "referenced_security_group_id": null,
            "security_group_id": "sg-0dc63b9a30d8fe86e",
            "security_group_rule_id": "sgr-0e44789569d3f903c",
            "tags": null,
            "tags_all": {},
            "to_port": 8080
          },
          "sensitive_attributes": [],
          "dependencies": [
            "data.aws_vpc.default",
            "module.todo-app-sg.aws_security_group.my-ssh-SG"
          ]
        }
      ]
    }
  ],
  "check_results": null
}
